# This file is automatically generated by Poetry and should not be edited by hand.
# FAKE lock file for the PedalWorks fixture corpus.

[[package]]
name = "requests"
version = "2.31.0"
description = "Python HTTP for Humans."
category = "main"

[[package]]
name = "pyyaml"
version = "6.0.1"
description = "YAML parser and emitter for Python"
category = "main"

[metadata]
lock-version = "2.0"
python-versions = "^3.10"
content-hash = "fake0000000000000000000000000000000000000000000000000000000000"
